
Microsoft Visual Studio Solution File, Format Version 12.00
# Visual Studio Version 16
VisualStudioVersion = 16.0.29503.13
MinimumVisualStudioVersion = 10.0.40219.1
Project("{9A19103F-16F7-4668-BE54-9A1E7A4F7556}") = "MoneyStats.DAL", "MoneyStats.DAL\MoneyStats.DAL.csproj", "{B39FBA1B-ABA6-4E86-8909-7C0B5577247A}"
EndProject
Project("{9A19103F-16F7-4668-BE54-9A1E7A4F7556}") = "MoneyStats.BL", "MoneyStats.BL\MoneyStats.BL.csproj", "{A06CFB42-C2CF-42EE-951A-6CDA2069B8BC}"
EndProject
Project("{9A19103F-16F7-4668-BE54-9A1E7A4F7556}") = "Documents", "Documents\Documents.csproj", "{7A1BF87B-7244-4A44-886A-1E3FE9AFD9AD}"
EndProject
Project("{9A19103F-16F7-4668-BE54-9A1E7A4F7556}") = "MoneyStats.Tests", "MoneyStats.Tests\MoneyStats.Tests.csproj", "{19EC7DAC-3A71-4885-A4B7-71BA567C4F33}"
EndProject
Project("{9A19103F-16F7-4668-BE54-9A1E7A4F7556}") = "MoneyStats.WebApp", "MoneyStats.WebApp\MoneyStats.WebApp.csproj", "{89DEFD7C-D8D9-4AC8-B1CB-EC2B2A56CC3B}"
EndProject
Project("{FAE04EC0-301F-11D3-BF4B-00C04F79EFBC}") = "MoneyStats.ExampleData", "MoneyStats.ExampleData\MoneyStats.ExampleData.csproj", "{A40101EC-14C4-4F6E-8CB8-9B7907AE7CC9}"
EndProject
Global
	GlobalSection(SolutionConfigurationPlatforms) = preSolution
		Debug|Any CPU = Debug|Any CPU
		Release|Any CPU = Release|Any CPU
	EndGlobalSection
	GlobalSection(ProjectConfigurationPlatforms) = postSolution
		{B39FBA1B-ABA6-4E86-8909-7C0B5577247A}.Debug|Any CPU.ActiveCfg = Debug|Any CPU
		{B39FBA1B-ABA6-4E86-8909-7C0B5577247A}.Debug|Any CPU.Build.0 = Debug|Any CPU
		{B39FBA1B-ABA6-4E86-8909-7C0B5577247A}.Release|Any CPU.ActiveCfg = Release|Any CPU
		{B39FBA1B-ABA6-4E86-8909-7C0B5577247A}.Release|Any CPU.Build.0 = Release|Any CPU
		{A06CFB42-C2CF-42EE-951A-6CDA2069B8BC}.Debug|Any CPU.ActiveCfg = Debug|Any CPU
		{A06CFB42-C2CF-42EE-951A-6CDA2069B8BC}.Debug|Any CPU.Build.0 = Debug|Any CPU
		{A06CFB42-C2CF-42EE-951A-6CDA2069B8BC}.Release|Any CPU.ActiveCfg = Release|Any CPU
		{A06CFB42-C2CF-42EE-951A-6CDA2069B8BC}.Release|Any CPU.Build.0 = Release|Any CPU
		{7A1BF87B-7244-4A44-886A-1E3FE9AFD9AD}.Debug|Any CPU.ActiveCfg = Debug|Any CPU
		{7A1BF87B-7244-4A44-886A-1E3FE9AFD9AD}.Debug|Any CPU.Build.0 = Debug|Any CPU
		{7A1BF87B-7244-4A44-886A-1E3FE9AFD9AD}.Release|Any CPU.ActiveCfg = Release|Any CPU
		{7A1BF87B-7244-4A44-886A-1E3FE9AFD9AD}.Release|Any CPU.Build.0 = Release|Any CPU
		{19EC7DAC-3A71-4885-A4B7-71BA567C4F33}.Debug|Any CPU.ActiveCfg = Debug|Any CPU
		{19EC7DAC-3A71-4885-A4B7-71BA567C4F33}.Debug|Any CPU.Build.0 = Debug|Any CPU
		{19EC7DAC-3A71-4885-A4B7-71BA567C4F33}.Release|Any CPU.ActiveCfg = Release|Any CPU
		{19EC7DAC-3A71-4885-A4B7-71BA567C4F33}.Release|Any CPU.Build.0 = Release|Any CPU
		{89DEFD7C-D8D9-4AC8-B1CB-EC2B2A56CC3B}.Debug|Any CPU.ActiveCfg = Debug|Any CPU
		{89DEFD7C-D8D9-4AC8-B1CB-EC2B2A56CC3B}.Debug|Any CPU.Build.0 = Debug|Any CPU
		{89DEFD7C-D8D9-4AC8-B1CB-EC2B2A56CC3B}.Release|Any CPU.ActiveCfg = Release|Any CPU
		{89DEFD7C-D8D9-4AC8-B1CB-EC2B2A56CC3B}.Release|Any CPU.Build.0 = Release|Any CPU
		{A40101EC-14C4-4F6E-8CB8-9B7907AE7CC9}.Debug|Any CPU.ActiveCfg = Debug|Any CPU
		{A40101EC-14C4-4F6E-8CB8-9B7907AE7CC9}.Debug|Any CPU.Build.0 = Debug|Any CPU
		{A40101EC-14C4-4F6E-8CB8-9B7907AE7CC9}.Release|Any CPU.ActiveCfg = Release|Any CPU
		{A40101EC-14C4-4F6E-8CB8-9B7907AE7CC9}.Release|Any CPU.Build.0 = Release|Any CPU
	EndGlobalSection
	GlobalSection(SolutionProperties) = preSolution
		HideSolutionNode = FALSE
	EndGlobalSection
	GlobalSection(ExtensibilityGlobals) = postSolution
		SolutionGuid = {60B01108-2F9F-4202-8C26-B0F0BD429529}
	EndGlobalSection
EndGlobal
